// !$*UTF8*$!
{
	archiveVersion = 1;
	classes = {
	};
	objectVersion = 50;
	objects = {

/* Begin PBXBuildFile section */
		5967F5F421182E34003AEFC8 /* AppDelegate.m in Sources */ = {isa = PBXBuildFile; fileRef = 5967F5F321182E34003AEFC8 /* AppDelegate.m */; };
		5967F5FA21182E34003AEFC8 /* Main.storyboard in Resources */ = {isa = PBXBuildFile; fileRef = 5967F5F821182E34003AEFC8 /* Main.storyboard */; };
		5967F5FC21182E35003AEFC8 /* Assets.xcassets in Resources */ = {isa = PBXBuildFile; fileRef = 5967F5FB21182E35003AEFC8 /* Assets.xcassets */; };
		5967F5FF21182E35003AEFC8 /* LaunchScreen.storyboard in Resources */ = {isa = PBXBuildFile; fileRef = 5967F5FD21182E35003AEFC8 /* LaunchScreen.storyboard */; };
		5967F60221182E35003AEFC8 /* main.m in Sources */ = {isa = PBXBuildFile; fileRef = 5967F60121182E35003AEFC8 /* main.m */; };
		5967F60A21182E89003AEFC8 /* YSGuideViewController.m in Sources */ = {isa = PBXBuildFile; fileRef = 5967F60921182E89003AEFC8 /* YSGuideViewController.m */; };
		5967F60D211835A4003AEFC8 /* YSConstants.m in Sources */ = {isa = PBXBuildFile; fileRef = 5967F60C211835A4003AEFC8 /* YSConstants.m */; };
		5967F61821184C1C003AEFC8 /* 1242-2.jpg in Resources */ = {isa = PBXBuildFile; fileRef = 5967F61421184C1C003AEFC8 /* 1242-2.jpg */; };
		5967F61921184C1C003AEFC8 /* 1242-3.jpg in Resources */ = {isa = PBXBuildFile; fileRef = 5967F61521184C1C003AEFC8 /* 1242-3.jpg */; };
		5967F61A21184C1C003AEFC8 /* 1242-1.jpg in Resources */ = {isa = PBXBuildFile; fileRef = 5967F61621184C1C003AEFC8 /* 1242-1.jpg */; };
		5967F61B21184C1C003AEFC8 /* 1242-4.jpg in Resources */ = {isa = PBXBuildFile; fileRef = 5967F61721184C1C003AEFC8 /* 1242-4.jpg */; };
		5967F61D21185045003AEFC8 /* sr.plist in Resources */ = {isa = PBXBuildFile; fileRef = 5967F61C21185045003AEFC8 /* sr.plist */; };
		5967F620211850AF003AEFC8 /* YSPageModel.m in Sources */ = {isa = PBXBuildFile; fileRef = 5967F61F211850AF003AEFC8 /* YSPageModel.m */; };
/* End PBXBuildFile section */

/* Begin PBXFileReference section */
		5967F5EF21182E34003AEFC8 /* YSGuideView.app */ = {isa = PBXFileReference; explicitFileType = wrapper.application; includeInIndex = 0; path = YSGuideView.app; sourceTree = BUILT_PRODUCTS_DIR; };
		5967F5F221182E34003AEFC8 /* AppDelegate.h */ = {isa = PBXFileReference; lastKnownFileType = sourcecode.c.h; path = AppDelegate.h; sourceTree = "<group>"; };
		5967F5F321182E34003AEFC8 /* AppDelegate.m */ = {isa = PBXFileReference; lastKnownFileType = sourcecode.c.objc; path = AppDelegate.m; sourceTree = "<group>"; };
		5967F5F921182E34003AEFC8 /* Base */ = {isa = PBXFileReference; lastKnownFileType = file.storyboard; name = Base; path = Base.lproj/Main.storyboard; sourceTree = "<group>"; };
		5967F5FB21182E35003AEFC8 /* Assets.xcassets */ = {isa = PBXFileReference; lastKnownFileType = folder.assetcatalog; path = Assets.xcassets; sourceTree = "<group>"; };
		5967F5FE21182E35003AEFC8 /* Base */ = {isa = PBXFileReference; lastKnownFileType = file.storyboard; name = Base; path = Base.lproj/LaunchScreen.storyboard; sourceTree = "<group>"; };
		5967F60021182E35003AEFC8 /* Info.plist */ = {isa = PBXFileReference; lastKnownFileType = text.plist.xml; path = Info.plist; sourceTree = "<group>"; };
		5967F60121182E35003AEFC8 /* main.m */ = {isa = PBXFileReference; lastKnownFileType = sourcecode.c.objc; path = main.m; sourceTree = "<group>"; };
		5967F60821182E89003AEFC8 /* YSGuideViewController.h */ = {isa = PBXFileReference; lastKnownFileType = sourcecode.c.h; path = YSGuideViewController.h; sourceTree = "<group>"; };
		5967F60921182E89003AEFC8 /* YSGuideViewController.m */ = {isa = PBXFileReference; lastKnownFileType = sourcecode.c.objc; path = YSGuideViewController.m; sourceTree = "<group>"; };
		5967F60B211835A4003AEFC8 /* YSConstants.h */ = {isa = PBXFileReference; lastKnownFileType = sourcecode.c.h; path = YSConstants.h; sourceTree = "<group>"; };
		5967F60C211835A4003AEFC8 /* YSConstants.m */ = {isa = PBXFileReference; lastKnownFileType = sourcecode.c.objc; path = YSConstants.m; sourceTree = "<group>"; };
		5967F61421184C1C003AEFC8 /* 1242-2.jpg */ = {isa = PBXFileReference; lastKnownFileType = image.jpeg; path = "1242-2.jpg"; sourceTree = "<group>"; };
		5967F61521184C1C003AEFC8 /* 1242-3.jpg */ = {isa = PBXFileReference; lastKnownFileType = image.jpeg; path = "1242-3.jpg"; sourceTree = "<group>"; };
		5967F61621184C1C003AEFC8 /* 1242-1.jpg */ = {isa = PBXFileReference; lastKnownFileType = image.jpeg; path = "1242-1.jpg"; sourceTree = "<group>"; };
		5967F61721184C1C003AEFC8 /* 1242-4.jpg */ = {isa = PBXFileReference; lastKnownFileType = image.jpeg; path = "1242-4.jpg"; sourceTree = "<group>"; };
		5967F61C21185045003AEFC8 /* sr.plist */ = {isa = PBXFileReference; fileEncoding = 4; lastKnownFileType = text.plist.xml; path = sr.plist; sourceTree = "<group>"; };
		5967F61E211850AF003AEFC8 /* YSPageModel.h */ = {isa = PBXFileReference; lastKnownFileType = sourcecode.c.h; path = YSPageModel.h; sourceTree = "<group>"; };
		5967F61F211850AF003AEFC8 /* YSPageModel.m */ = {isa = PBXFileReference; lastKnownFileType = sourcecode.c.objc; path = YSPageModel.m; sourceTree = "<group>"; };
/* End PBXFileReference section */

/* Begin PBXFrameworksBuildPhase section */
		5967F5EC21182E34003AEFC8 /* Frameworks */ = {
			isa = PBXFrameworksBuildPhase;
			buildActionMask = 2147483647;
			files = (
			);
			runOnlyForDeploymentPostprocessing = 0;
		};
/* End PBXFrameworksBuildPhase section */

/* Begin PBXGroup section */
		5967F5E621182E34003AEFC8 = {
			isa = PBXGroup;
			children = (
				5967F5F121182E34003AEFC8 /* YSGuideView */,
				5967F5F021182E34003AEFC8 /* Products */,
			);
			sourceTree = "<group>";
		};
		5967F5F021182E34003AEFC8 /* Products */ = {
			isa = PBXGroup;
			children = (
				5967F5EF21182E34003AEFC8 /* YSGuideView.app */,
			);
			name = Products;
			sourceTree = "<group>";
		};
		5967F5F121182E34003AEFC8 /* YSGuideView */ = {
			isa = PBXGroup;
			children = (
				5967F5F221182E34003AEFC8 /* AppDelegate.h */,
				5967F5F321182E34003AEFC8 /* AppDelegate.m */,
				5967F60821182E89003AEFC8 /* YSGuideViewController.h */,
				5967F60921182E89003AEFC8 /* YSGuideViewController.m */,
				5967F61E211850AF003AEFC8 /* YSPageModel.h */,
				5967F61F211850AF003AEFC8 /* YSPageModel.m */,
				5967F60B211835A4003AEFC8 /* YSConstants.h */,
				5967F60C211835A4003AEFC8 /* YSConstants.m */,
				5967F5F821182E34003AEFC8 /* Main.storyboard */,
				5967F5FB21182E35003AEFC8 /* Assets.xcassets */,
				5967F60E21184B66003AEFC8 /* Resources */,
				5967F5FD21182E35003AEFC8 /* LaunchScreen.storyboard */,
				5967F60021182E35003AEFC8 /* Info.plist */,
				5967F60121182E35003AEFC8 /* main.m */,
			);
			path = YSGuideView;
			sourceTree = "<group>";
		};
		5967F60E21184B66003AEFC8 /* Resources */ = {
			isa = PBXGroup;
			children = (
				5967F61C21185045003AEFC8 /* sr.plist */,
				5967F60F21184BC0003AEFC8 /* images */,
			);
			path = Resources;
			sourceTree = "<group>";
		};
		5967F60F21184BC0003AEFC8 /* images */ = {
			isa = PBXGroup;
			children = (
				5967F61621184C1C003AEFC8 /* 1242-1.jpg */,
				5967F61421184C1C003AEFC8 /* 1242-2.jpg */,
				5967F61521184C1C003AEFC8 /* 1242-3.jpg */,
				5967F61721184C1C003AEFC8 /* 1242-4.jpg */,
			);
			path = images;
			sourceTree = "<group>";
		};
/* End PBXGroup section */

/* Begin PBXNativeTarget section */
		5967F5EE21182E34003AEFC8 /* YSGuideView */ = {
			isa = PBXNativeTarget;
			buildConfigurationList = 5967F60521182E35003AEFC8 /* Build configuration list for PBXNativeTarget "YSGuideView" */;
			buildPhases = (
				5967F5EB21182E34003AEFC8 /* Sources */,
				5967F5EC21182E34003AEFC8 /* Frameworks */,
				5967F5ED21182E34003AEFC8 /* Resources */,
			);
			buildRules = (
			);
			dependencies = (
			);
			name = YSGuideView;
			productName = YSGuideView;
			productReference = 5967F5EF21182E34003AEFC8 /* YSGuideView.app */;
			productType = "com.apple.product-type.application";
		};
/* End PBXNativeTarget section */

/* Begin PBXProject section */
		5967F5E721182E34003AEFC8 /* Project object */ = {
			isa = PBXProject;
			attributes = {
				LastUpgradeCheck = 0940;
				ORGANIZATIONNAME = mianduijifengba;
				TargetAttributes = {
					5967F5EE21182E34003AEFC8 = {
						CreatedOnToolsVersion = 9.4.1;
					};
				};
			};
			buildConfigurationList = 5967F5EA21182E34003AEFC8 /* Build configuration list for PBXProject "YSGuideView" */;
			compatibilityVersion = "Xcode 9.3";
			developmentRegion = en;
			hasScannedForEncodings = 0;
			knownRegions = (
				en,
				Base,
			);
			mainGroup = 5967F5E621182E34003AEFC8;
			productRefGroup = 5967F5F021182E34003AEFC8 /* Products */;
			projectDirPath = "";
			projectRoot = "";
			targets = (
				5967F5EE21182E34003AEFC8 /* YSGuideView */,
			);
		};
/* End PBXProject section */

/* Begin PBXResourcesBuildPhase section */
		5967F5ED21182E34003AEFC8 /* Resources */ = {
			isa = PBXResourcesBuildPhase;
			buildActionMask = 2147483647;
			files = (
				5967F61821184C1C003AEFC8 /* 1242-2.jpg in Resources */,
				5967F5FF21182E35003AEFC8 /* LaunchScreen.storyboard in Resources */,
				5967F61921184C1C003AEFC8 /* 1242-3.jpg in Resources */,
				5967F61B21184C1C003AEFC8 /* 1242-4.jpg in Resources */,
				5967F61A21184C1C003AEFC8 /* 1242-1.jpg in Resources */,
				5967F5FC21182E35003AEFC8 /* Assets.xcassets in Resources */,
				5967F5FA21182E34003AEFC8 /* Main.storyboard in Resources */,
				5967F61D21185045003AEFC8 /* sr.plist in Resources */,
			);
			runOnlyForDeploymentPostprocessing = 0;
		};
/* End PBXResourcesBuildPhase section */

/* Begin PBXSourcesBuildPhase section */
		5967F5EB21182E34003AEFC8 /* Sources */ = {
			isa = PBXSourcesBuildPhase;
			buildActionMask = 2147483647;
			files = (
				5967F60221182E35003AEFC8 /* main.m in Sources */,
				5967F60D211835A4003AEFC8 /* YSConstants.m in Sources */,
				5967F5F421182E34003AEFC8 /* AppDelegate.m in Sources */,
				5967F620211850AF003AEFC8 /* YSPageModel.m in Sources */,
				5967F60A21182E89003AEFC8 /* YSGuideViewController.m in Sources */,
			);
			runOnlyForDeploymentPostprocessing = 0;
		};
/* End PBXSourcesBuildPhase section */

/* Begin PBXVariantGroup section */
		5967F5F821182E34003AEFC8 /* Main.storyboard */ = {
			isa = PBXVariantGroup;
			children = (
				5967F5F921182E34003AEFC8 /* Base */,
			);
			name = Main.storyboard;
			sourceTree = "<group>";
		};
		5967F5FD21182E35003AEFC8 /* LaunchScreen.storyboard */ = {
			isa = PBXVariantGroup;
			children = (
				5967F5FE21182E35003AEFC8 /* Base */,
			);
			name = LaunchScreen.storyboard;
			sourceTree = "<group>";
		};
/* End PBXVariantGroup section */

/* Begin XCBuildConfiguration section */
		5967F60321182E35003AEFC8 /* Debug */ = {
			isa = XCBuildConfiguration;
			buildSettings = {
				ALWAYS_SEARCH_USER_PATHS = NO;
				CLANG_ANALYZER_NONNULL = YES;
				CLANG_ANALYZER_NUMBER_OBJECT_CONVERSION = YES_AGGRESSIVE;
				CLANG_CXX_LANGUAGE_STANDARD = "gnu++14";
				CLANG_CXX_LIBRARY = "libc++";
				CLANG_ENABLE_MODULES = YES;
				CLANG_ENABLE_OBJC_ARC = YES;
				CLANG_ENABLE_OBJC_WEAK = YES;
				CLANG_WARN_BLOCK_CAPTURE_AUTORELEASING = YES;
				CLANG_WARN_BOOL_CONVERSION = YES;
				CLANG_WARN_COMMA = YES;
				CLANG_WARN_CONSTANT_CONVERSION = YES;
				CLANG_WARN_DEPRECATED_OBJC_IMPLEMENTATIONS = YES;
				CLANG_WARN_DIRECT_OBJC_ISA_USAGE = YES_ERROR;
				CLANG_WARN_DOCUMENTATION_COMMENTS = YES;
				CLANG_WARN_EMPTY_BODY = YES;
				CLANG_WARN_ENUM_CONVERSION = YES;
				CLANG_WARN_INFINITE_RECURSION = YES;
				CLANG_WARN_INT_CONVERSION = YES;
				CLANG_WARN_NON_LITERAL_NULL_CONVERSION = YES;
				CLANG_WARN_OBJC_IMPLICIT_RETAIN_SELF = YES;
				CLANG_WARN_OBJC_LITERAL_CONVERSION = YES;
				CLANG_WARN_OBJC_ROOT_CLASS = YES_ERROR;
				CLANG_WARN_RANGE_LOOP_ANALYSIS = YES;
				CLANG_WARN_STRICT_PROTOTYPES = YES;
				CLANG_WARN_SUSPICIOUS_MOVE = YES;
				CLANG_WARN_UNGUARDED_AVAILABILITY = YES_AGGRESSIVE;
				CLANG_WARN_UNREACHABLE_CODE = YES;
				CLANG_WARN__DUPLICATE_METHOD_MATCH = YES;
				CODE_SIGN_IDENTITY = "iPhone Developer";
				COPY_PHASE_STRIP = NO;
				DEBUG_INFORMATION_FORMAT = dwarf;
				ENABLE_STRICT_OBJC_MSGSEND = YES;
				ENABLE_TESTABILITY = YES;
				GCC_C_LANGUAGE_STANDARD = gnu11;
				GCC_DYNAMIC_NO_PIC = NO;
				GCC_NO_COMMON_BLOCKS = YES;
				GCC_OPTIMIZATION_LEVEL = 0;
				GCC_PREPROCESSOR_DEFINITIONS = (
					"DEBUG=1",
					"$(inherited)",
				);
				GCC_WARN_64_TO_32_BIT_CONVERSION = YES;
				GCC_WARN_ABOUT_RETURN_TYPE = YES_ERROR;
				GCC_WARN_UNDECLARED_SELECTOR = YES;
				GCC_WARN_UNINITIALIZED_AUTOS = YES_AGGRESSIVE;
				GCC_WARN_UNUSED_FUNCTION = YES;
				GCC_WARN_UNUSED_VARIABLE = YES;
				IPHONEOS_DEPLOYMENT_TARGET = 11.4;
				MTL_ENABLE_DEBUG_INFO = YES;
				ONLY_ACTIVE_ARCH = YES;
				SDKROOT = iphoneos;
			};
			name = Debug;
		};
		5967F60421182E35003AEFC8 /* Release */ = {
			isa = XCBuildConfiguration;
			buildSettings = {
				ALWAYS_SEARCH_USER_PATHS = NO;
				CLANG_ANALYZER_NONNULL = YES;
				CLANG_ANALYZER_NUMBER_OBJECT_CONVERSION = YES_AGGRESSIVE;
				CLANG_CXX_LANGUAGE_STANDARD = "gnu++14";
				CLANG_CXX_LIBRARY = "libc++";
				CLANG_ENABLE_MODULES = YES;
				CLANG_ENABLE_OBJC_ARC = YES;
				CLANG_ENABLE_OBJC_WEAK = YES;
				CLANG_WARN_BLOCK_CAPTURE_AUTORELEASING = YES;
				CLANG_WARN_BOOL_CONVERSION = YES;
				CLANG_WARN_COMMA = YES;
				CLANG_WARN_CONSTANT_CONVERSION = YES;
				CLANG_WARN_DEPRECATED_OBJC_IMPLEMENTATIONS = YES;
				CLANG_WARN_DIRECT_OBJC_ISA_USAGE = YES_ERROR;
				CLANG_WARN_DOCUMENTATION_COMMENTS = YES;
				CLANG_WARN_EMPTY_BODY = YES;
				CLANG_WARN_ENUM_CONVERSION = YES;
				CLANG_WARN_INFINITE_RECURSION = YES;
				CLANG_WARN_INT_CONVERSION = YES;
				CLANG_WARN_NON_LITERAL_NULL_CONVERSION = YES;
				CLANG_WARN_OBJC_IMPLICIT_RETAIN_SELF = YES;
				CLANG_WARN_OBJC_LITERAL_CONVERSION = YES;
				CLANG_WARN_OBJC_ROOT_CLASS = YES_ERROR;
				CLANG_WARN_RANGE_LOOP_ANALYSIS = YES;
				CLANG_WARN_STRICT_PROTOTYPES = YES;
				CLANG_WARN_SUSPICIOUS_MOVE = YES;
				CLANG_WARN_UNGUARDED_AVAILABILITY = YES_AGGRESSIVE;
				CLANG_WARN_UNREACHABLE_CODE = YES;
				CLANG_WARN__DUPLICATE_METHOD_MATCH = YES;
				CODE_SIGN_IDENTITY = "iPhone Developer";
				COPY_PHASE_STRIP = NO;
				DEBUG_INFORMATION_FORMAT = "dwarf-with-dsym";
				ENABLE_NS_ASSERTIONS = NO;
				ENABLE_STRICT_OBJC_MSGSEND = YES;
				GCC_C_LANGUAGE_STANDARD = gnu11;
				GCC_NO_COMMON_BLOCKS = YES;
				GCC_WARN_64_TO_32_BIT_CONVERSION = YES;
				GCC_WARN_ABOUT_RETURN_TYPE = YES_ERROR;
				GCC_WARN_UNDECLARED_SELECTOR = YES;
				GCC_WARN_UNINITIALIZED_AUTOS = YES_AGGRESSIVE;
				GCC_WARN_UNUSED_FUNCTION = YES;
				GCC_WARN_UNUSED_VARIABLE = YES;
				IPHONEOS_DEPLOYMENT_TARGET = 11.4;
				MTL_ENABLE_DEBUG_INFO = NO;
				SDKROOT = iphoneos;
				VALIDATE_PRODUCT = YES;
			};
			name = Release;
		};
		5967F60621182E35003AEFC8 /* Debug */ = {
			isa = XCBuildConfiguration;
			buildSettings = {
				ASSETCATALOG_COMPILER_APPICON_NAME = AppIcon;
				CODE_SIGN_STYLE = Automatic;
				INFOPLIST_FILE = YSGuideView/Info.plist;
				LD_RUNPATH_SEARCH_PATHS = (
					"$(inherited)",
					"@executable_path/Frameworks",
				);
				PRODUCT_BUNDLE_IDENTIFIER = yasuo.YSGuideView;
				PRODUCT_NAME = "$(TARGET_NAME)";
				TARGETED_DEVICE_FAMILY = "1,2";
			};
			name = Debug;
		};
		5967F60721182E35003AEFC8 /* Release */ = {
			isa = XCBuildConfiguration;
			buildSettings = {
				ASSETCATALOG_COMPILER_APPICON_NAME = AppIcon;
				CODE_SIGN_STYLE = Automatic;
				INFOPLIST_FILE = YSGuideView/Info.plist;
				LD_RUNPATH_SEARCH_PATHS = (
					"$(inherited)",
					"@executable_path/Frameworks",
				);
				PRODUCT_BUNDLE_IDENTIFIER = yasuo.YSGuideView;
				PRODUCT_NAME = "$(TARGET_NAME)";
				TARGETED_DEVICE_FAMILY = "1,2";
			};
			name = Release;
		};
/* End XCBuildConfiguration section */

/* Begin XCConfigurationList section */
		5967F5EA21182E34003AEFC8 /* Build configuration list for PBXProject "YSGuideView" */ = {
			isa = XCConfigurationList;
			buildConfigurations = (
				5967F60321182E35003AEFC8 /* Debug */,
				5967F60421182E35003AEFC8 /* Release */,
			);
			defaultConfigurationIsVisible = 0;
			defaultConfigurationName = Release;
		};
		5967F60521182E35003AEFC8 /* Build configuration list for PBXNativeTarget "YSGuideView" */ = {
			isa = XCConfigurationList;
			buildConfigurations = (
				5967F60621182E35003AEFC8 /* Debug */,
				5967F60721182E35003AEFC8 /* Release */,
			);
			defaultConfigurationIsVisible = 0;
			defaultConfigurationName = Release;
		};
/* End XCConfigurationList section */
	};
	rootObject = 5967F5E721182E34003AEFC8 /* Project object */;
}
